{
  "name": "remark-dropcap",
  "version": "0.1.7",
  "lockfileVersion": 1,
  "requires": true,
  "dependencies": {
    "@types/unist": {
      "version": "2.0.3",
      "resolved": "https://registry.npmjs.org/@types/unist/-/unist-2.0.3.tgz",
      "integrity": "sha512-FvUupuM3rlRsRtCN+fDudtmytGO6iHJuuRKS1Ss0pG5z8oX0diNEw94UEL7hgDbpN94rgaK5R7sWm6RrSkZuAQ=="
    },
    "bail": {
      "version": "1.0.4",
      "resolved": "https://registry.npmjs.org/bail/-/bail-1.0.4.tgz",
      "integrity": "sha512-S8vuDB4w6YpRhICUDET3guPlQpaJl7od94tpZ0Fvnyp+MKW/HyDTcRDck+29C9g+d/qQHnddRH3+94kZdrW0Ww==",
      "dev": true
    },
    "balanced-match": {
      "version": "1.0.0",
      "resolved": "https://registry.npmjs.org/balanced-match/-/balanced-match-1.0.0.tgz",
      "integrity": "sha1-ibTRmasr7kneFk6gK4nORi1xt2c=",
      "dev": true
    },
    "brace-expansion": {
      "version": "1.1.11",
      "resolved": "https://registry.npmjs.org/brace-expansion/-/brace-expansion-1.1.11.tgz",
      "integrity": "sha512-iCuPHDFgrHX7H2vEI/5xpz07zSHB00TpugqhmYtVmMO6518mCuRMoOYFldEBl0g187ufozdaHgWKcYFb61qGiA==",
      "dev": true,
      "requires": {
        "balanced-match": "^1.0.0",
        "concat-map": "0.0.1"
      }
    },
    "ccount": {
      "version": "1.0.4",
      "resolved": "https://registry.npmjs.org/ccount/-/ccount-1.0.4.tgz",
      "integrity": "sha512-fpZ81yYfzentuieinmGnphk0pLkOTMm6MZdVqwd77ROvhko6iujLNGrHH5E7utq3ygWklwfmwuG+A7P+NpqT6w==",
      "dev": true
    },
    "character-entities": {
      "version": "1.2.3",
      "resolved": "https://registry.npmjs.org/character-entities/-/character-entities-1.2.3.tgz",
      "integrity": "sha512-yB4oYSAa9yLcGyTbB4ItFwHw43QHdH129IJ5R+WvxOkWlyFnR5FAaBNnUq4mcxsTVZGh28bHoeTHMKXH1wZf3w==",
      "dev": true
    },
    "character-entities-html4": {
      "version": "1.1.3",
      "resolved": "https://registry.npmjs.org/character-entities-html4/-/character-entities-html4-1.1.3.tgz",
      "integrity": "sha512-SwnyZ7jQBCRHELk9zf2CN5AnGEc2nA+uKMZLHvcqhpPprjkYhiLn0DywMHgN5ttFZuITMATbh68M6VIVKwJbcg==",
      "dev": true
    },
    "character-entities-legacy": {
      "version": "1.1.3",
      "resolved": "https://registry.npmjs.org/character-entities-legacy/-/character-entities-legacy-1.1.3.tgz",
      "integrity": "sha512-YAxUpPoPwxYFsslbdKkhrGnXAtXoHNgYjlBM3WMXkWGTl5RsY3QmOyhwAgL8Nxm9l5LBThXGawxKPn68y6/fww==",
      "dev": true
    },
    "character-reference-invalid": {
      "version": "1.1.3",
      "resolved": "https://registry.npmjs.org/character-reference-invalid/-/character-reference-invalid-1.1.3.tgz",
      "integrity": "sha512-VOq6PRzQBam/8Jm6XBGk2fNEnHXAdGd6go0rtd4weAGECBamHDwwCQSOT12TACIYUZegUXnV6xBXqUssijtxIg==",
      "dev": true
    },
    "collapse-white-space": {
      "version": "1.0.5",
      "resolved": "https://registry.npmjs.org/collapse-white-space/-/collapse-white-space-1.0.5.tgz",
      "integrity": "sha512-703bOOmytCYAX9cXYqoikYIx6twmFCXsnzRQheBcTG3nzKYBR4P/+wkYeH+Mvj7qUz8zZDtdyzbxfnEi/kYzRQ==",
      "dev": true
    },
    "comma-separated-tokens": {
      "version": "1.0.7",
      "resolved": "https://registry.npmjs.org/comma-separated-tokens/-/comma-separated-tokens-1.0.7.tgz",
      "integrity": "sha512-Jrx3xsP4pPv4AwJUDWY9wOXGtwPXARej6Xd99h4TUGotmf8APuquKMpK+dnD3UgyxK7OEWaisjZz+3b5jtL6xQ==",
      "dev": true
    },
    "concat-map": {
      "version": "0.0.1",
      "resolved": "https://registry.npmjs.org/concat-map/-/concat-map-0.0.1.tgz",
      "integrity": "sha1-2Klr13/Wjfd5OnMDajug1UBdR3s=",
      "dev": true
    },
    "deep-equal": {
      "version": "1.0.1",
      "resolved": "https://registry.npmjs.org/deep-equal/-/deep-equal-1.0.1.tgz",
      "integrity": "sha1-9dJgKStmDghO/0zbyfCK0yR0SLU=",
      "dev": true
    },
    "define-properties": {
      "version": "1.1.3",
      "resolved": "https://registry.npmjs.org/define-properties/-/define-properties-1.1.3.tgz",
      "integrity": "sha512-3MqfYKj2lLzdMSf8ZIZE/V+Zuy+BgD6f164e8K2w7dgnpKArBDerGYpM46IYYcjnkdPNMjPk9A6VFB8+3SKlXQ==",
      "dev": true,
      "requires": {
        "object-keys": "^1.0.12"
      }
    },
    "defined": {
      "version": "1.0.0",
      "resolved": "https://registry.npmjs.org/defined/-/defined-1.0.0.tgz",
      "integrity": "sha1-yY2bzvdWdBiOEQlpFRGZ45sfppM=",
      "dev": true
    },
    "detab": {
      "version": "2.0.2",
      "resolved": "https://registry.npmjs.org/detab/-/detab-2.0.2.tgz",
      "integrity": "sha512-Q57yPrxScy816TTE1P/uLRXLDKjXhvYTbfxS/e6lPD+YrqghbsMlGB9nQzj/zVtSPaF0DFPSdO916EWO4sQUyQ==",
      "dev": true,
      "requires": {
        "repeat-string": "^1.5.4"
      }
    },
    "es-abstract": {
      "version": "1.16.0",
      "resolved": "https://registry.npmjs.org/es-abstract/-/es-abstract-1.16.0.tgz",
      "integrity": "sha512-xdQnfykZ9JMEiasTAJZJdMWCQ1Vm00NBw79/AWi7ELfZuuPCSOMDZbT9mkOfSctVtfhb+sAAzrm+j//GjjLHLg==",
      "dev": true,
      "requires": {
        "es-to-primitive": "^1.2.0",
        "function-bind": "^1.1.1",
        "has": "^1.0.3",
        "has-symbols": "^1.0.0",
        "is-callable": "^1.1.4",
        "is-regex": "^1.0.4",
        "object-inspect": "^1.6.0",
        "object-keys": "^1.1.1",
        "string.prototype.trimleft": "^2.1.0",
        "string.prototype.trimright": "^2.1.0"
      }
    },
    "es-to-primitive": {
      "version": "1.2.0",
      "resolved": "https://registry.npmjs.org/es-to-primitive/-/es-to-primitive-1.2.0.tgz",
      "integrity": "sha512-qZryBOJjV//LaxLTV6UC//WewneB3LcXOL9NP++ozKVXsIIIpm/2c13UDiD9Jp2eThsecw9m3jPqDwTyobcdbg==",
      "dev": true,
      "requires": {
        "is-callable": "^1.1.4",
        "is-date-object": "^1.0.1",
        "is-symbol": "^1.0.2"
      }
    },
    "extend": {
      "version": "3.0.2",
      "resolved": "https://registry.npmjs.org/extend/-/extend-3.0.2.tgz",
      "integrity": "sha512-fjquC59cD7CyW6urNXK0FBufkZcoiGG80wTuPujX590cB5Ttln20E2UB4S/WARVqhXffZl2LNgS+gQdPIIim/g==",
      "dev": true
    },
    "for-each": {
      "version": "0.3.3",
      "resolved": "https://registry.npmjs.org/for-each/-/for-each-0.3.3.tgz",
      "integrity": "sha512-jqYfLp7mo9vIyQf8ykW2v7A+2N4QjeCeI5+Dz9XraiO1ign81wjiH7Fb9vSOWvQfNtmSa4H2RoQTrrXivdUZmw==",
      "dev": true,
      "requires": {
        "is-callable": "^1.1.3"
      }
    },
    "fs.realpath": {
      "version": "1.0.0",
      "resolved": "https://registry.npmjs.org/fs.realpath/-/fs.realpath-1.0.0.tgz",
      "integrity": "sha1-FQStJSMVjKpA20onh8sBQRmU6k8=",
      "dev": true
    },
    "function-bind": {
      "version": "1.1.1",
      "resolved": "https://registry.npmjs.org/function-bind/-/function-bind-1.1.1.tgz",
      "integrity": "sha512-yIovAzMX49sF8Yl58fSCWJ5svSLuaibPxXQJFLmBObTuCr0Mf1KiPopGM9NiFjiYBCbfaa2Fh6breQ6ANVTI0A==",
      "dev": true
    },
    "glob": {
      "version": "7.1.5",
      "resolved": "https://registry.npmjs.org/glob/-/glob-7.1.5.tgz",
      "integrity": "sha512-J9dlskqUXK1OeTOYBEn5s8aMukWMwWfs+rPTn/jn50Ux4MNXVhubL1wu/j2t+H4NVI+cXEcCaYellqaPVGXNqQ==",
      "dev": true,
      "requires": {
        "fs.realpath": "^1.0.0",
        "inflight": "^1.0.4",
        "inherits": "2",
        "minimatch": "^3.0.4",
        "once": "^1.3.0",
        "path-is-absolute": "^1.0.0"
      }
    },
    "has": {
      "version": "1.0.3",
      "resolved": "https://registry.npmjs.org/has/-/has-1.0.3.tgz",
      "integrity": "sha512-f2dvO0VU6Oej7RkWJGrehjbzMAjFp5/VKPp5tTpWIV4JHHZK1/BxbFRtf/siA2SWTe09caDmVtYYzWEIbBS4zw==",
      "dev": true,
      "requires": {
        "function-bind": "^1.1.1"
      }
    },
    "has-symbols": {
      "version": "1.0.0",
      "resolved": "https://registry.npmjs.org/has-symbols/-/has-symbols-1.0.0.tgz",
      "integrity": "sha1-uhqPGvKg/DllD1yFA2dwQSIGO0Q=",
      "dev": true
    },
    "hast-util-is-element": {
      "version": "1.0.3",
      "resolved": "https://registry.npmjs.org/hast-util-is-element/-/hast-util-is-element-1.0.3.tgz",
      "integrity": "sha512-C62CVn7jbjp89yOhhy7vrkSaB7Vk906Gtcw/Ihd+Iufnq+2pwOZjdPmpzpKLWJXPJBMDX3wXg4FqmdOayPcewA==",
      "dev": true
    },
    "hast-util-to-html": {
      "version": "6.0.2",
      "resolved": "https://registry.npmjs.org/hast-util-to-html/-/hast-util-to-html-6.0.2.tgz",
      "integrity": "sha512-oiQzGHtjT6ZLhszCY89kCxGCo9O+YuPUHluv36fzp7Hv/E1W4428PgzcQAKlPUzbHAt3ELoPCSrYLWl8fQw7Ag==",
      "dev": true,
      "requires": {
        "ccount": "^1.0.0",
        "comma-separated-tokens": "^1.0.1",
        "hast-util-is-element": "^1.0.0",
        "hast-util-whitespace": "^1.0.0",
        "html-void-elements": "^1.0.0",
        "property-information": "^5.2.0",
        "space-separated-tokens": "^1.0.0",
        "stringify-entities": "^2.0.0",
        "unist-util-is": "^3.0.0",
        "xtend": "^4.0.1"
      },
      "dependencies": {
        "unist-util-is": {
          "version": "3.0.0",
          "resolved": "https://registry.npmjs.org/unist-util-is/-/unist-util-is-3.0.0.tgz",
          "integrity": "sha512-sVZZX3+kspVNmLWBPAB6r+7D9ZgAFPNWm66f7YNb420RlQSbn+n8rG8dGZSkrER7ZIXGQYNm5pqC3v3HopH24A==",
          "dev": true
        }
      }
    },
    "hast-util-whitespace": {
      "version": "1.0.3",
      "resolved": "https://registry.npmjs.org/hast-util-whitespace/-/hast-util-whitespace-1.0.3.tgz",
      "integrity": "sha512-AlkYiLTTwPOyxZ8axq2/bCwRUPjIPBfrHkXuCR92B38b3lSdU22R5F/Z4DL6a2kxWpekWq1w6Nj48tWat6GeRA==",
      "dev": true
    },
    "html-void-elements": {
      "version": "1.0.4",
      "resolved": "https://registry.npmjs.org/html-void-elements/-/html-void-elements-1.0.4.tgz",
      "integrity": "sha512-yMk3naGPLrfvUV9TdDbuYXngh/TpHbA6TrOw3HL9kS8yhwx7i309BReNg7CbAJXGE+UMJ6je5OqJ7lC63o6YuQ==",
      "dev": true
    },
    "inflight": {
      "version": "1.0.6",
      "resolved": "https://registry.npmjs.org/inflight/-/inflight-1.0.6.tgz",
      "integrity": "sha1-Sb1jMdfQLQwJvJEKEHW6gWW1bfk=",
      "dev": true,
      "requires": {
        "once": "^1.3.0",
        "wrappy": "1"
      }
    },
    "inherits": {
      "version": "2.0.4",
      "resolved": "https://registry.npmjs.org/inherits/-/inherits-2.0.4.tgz",
      "integrity": "sha512-k/vGaX4/Yla3WzyMCvTQOXYeIHvqOKtnqBduzTHpzpQZzAskKMhZ2K+EnBiSM9zGSoIFeMpXKxa4dYeZIQqewQ==",
      "dev": true
    },
    "is-alphabetical": {
      "version": "1.0.3",
      "resolved": "https://registry.npmjs.org/is-alphabetical/-/is-alphabetical-1.0.3.tgz",
      "integrity": "sha512-eEMa6MKpHFzw38eKm56iNNi6GJ7lf6aLLio7Kr23sJPAECscgRtZvOBYybejWDQ2bM949Y++61PY+udzj5QMLA==",
      "dev": true
    },
    "is-alphanumerical": {
      "version": "1.0.3",
      "resolved": "https://registry.npmjs.org/is-alphanumerical/-/is-alphanumerical-1.0.3.tgz",
      "integrity": "sha512-A1IGAPO5AW9vSh7omxIlOGwIqEvpW/TA+DksVOPM5ODuxKlZS09+TEM1E3275lJqO2oJ38vDpeAL3DCIiHE6eA==",
      "dev": true,
      "requires": {
        "is-alphabetical": "^1.0.0",
        "is-decimal": "^1.0.0"
      }
    },
    "is-buffer": {
      "version": "2.0.4",
      "resolved": "https://registry.npmjs.org/is-buffer/-/is-buffer-2.0.4.tgz",
      "integrity": "sha512-Kq1rokWXOPXWuaMAqZiJW4XxsmD9zGx9q4aePabbn3qCRGedtH7Cm+zV8WETitMfu1wdh+Rvd6w5egwSngUX2A==",
      "dev": true
    },
    "is-callable": {
      "version": "1.1.4",
      "resolved": "https://registry.npmjs.org/is-callable/-/is-callable-1.1.4.tgz",
      "integrity": "sha512-r5p9sxJjYnArLjObpjA4xu5EKI3CuKHkJXMhT7kwbpUyIFD1n5PMAsoPvWnvtZiNz7LjkYDRZhd7FlI0eMijEA==",
      "dev": true
    },
    "is-date-object": {
      "version": "1.0.1",
      "resolved": "https://registry.npmjs.org/is-date-object/-/is-date-object-1.0.1.tgz",
      "integrity": "sha1-mqIOtq7rv/d/vTPnTKAbM1gdOhY=",
      "dev": true
    },
    "is-decimal": {
      "version": "1.0.3",
      "resolved": "https://registry.npmjs.org/is-decimal/-/is-decimal-1.0.3.tgz",
      "integrity": "sha512-bvLSwoDg2q6Gf+E2LEPiklHZxxiSi3XAh4Mav65mKqTfCO1HM3uBs24TjEH8iJX3bbDdLXKJXBTmGzuTUuAEjQ==",
      "dev": true
    },
    "is-hexadecimal": {
      "version": "1.0.3",
      "resolved": "https://registry.npmjs.org/is-hexadecimal/-/is-hexadecimal-1.0.3.tgz",
      "integrity": "sha512-zxQ9//Q3D/34poZf8fiy3m3XVpbQc7ren15iKqrTtLPwkPD/t3Scy9Imp63FujULGxuK0ZlCwoo5xNpktFgbOA==",
      "dev": true
    },
    "is-plain-obj": {
      "version": "2.0.0",
      "resolved": "https://registry.npmjs.org/is-plain-obj/-/is-plain-obj-2.0.0.tgz",
      "integrity": "sha512-EYisGhpgSCwspmIuRHGjROWTon2Xp8Z7U03Wubk/bTL5TTRC5R1rGVgyjzBrk9+ULdH6cRD06KRcw/xfqhVYKQ==",
      "dev": true
    },
    "is-regex": {
      "version": "1.0.4",
      "resolved": "https://registry.npmjs.org/is-regex/-/is-regex-1.0.4.tgz",
      "integrity": "sha1-VRdIm1RwkbCTDglWVM7SXul+lJE=",
      "dev": true,
      "requires": {
        "has": "^1.0.1"
      }
    },
    "is-symbol": {
      "version": "1.0.2",
      "resolved": "https://registry.npmjs.org/is-symbol/-/is-symbol-1.0.2.tgz",
      "integrity": "sha512-HS8bZ9ox60yCJLH9snBpIwv9pYUAkcuLhSA1oero1UB5y9aiQpRA8y2ex945AOtCZL1lJDeIk3G5LthswI46Lw==",
      "dev": true,
      "requires": {
        "has-symbols": "^1.0.0"
      }
    },
    "is-whitespace-character": {
      "version": "1.0.3",
      "resolved": "https://registry.npmjs.org/is-whitespace-character/-/is-whitespace-character-1.0.3.tgz",
      "integrity": "sha512-SNPgMLz9JzPccD3nPctcj8sZlX9DAMJSKH8bP7Z6bohCwuNgX8xbWr1eTAYXX9Vpi/aSn8Y1akL9WgM3t43YNQ==",
      "dev": true
    },
    "is-word-character": {
      "version": "1.0.3",
      "resolved": "https://registry.npmjs.org/is-word-character/-/is-word-character-1.0.3.tgz",
      "integrity": "sha512-0wfcrFgOOOBdgRNT9H33xe6Zi6yhX/uoc4U8NBZGeQQB0ctU1dnlNTyL9JM2646bHDTpsDm1Brb3VPoCIMrd/A==",
      "dev": true
    },
    "markdown-escapes": {
      "version": "1.0.3",
      "resolved": "https://registry.npmjs.org/markdown-escapes/-/markdown-escapes-1.0.3.tgz",
      "integrity": "sha512-XUi5HJhhV5R74k8/0H2oCbCiYf/u4cO/rX8tnGkRvrqhsr5BRNU6Mg0yt/8UIx1iIS8220BNJsDb7XnILhLepw==",
      "dev": true
    },
    "mdast-util-definitions": {
      "version": "1.2.4",
      "resolved": "https://registry.npmjs.org/mdast-util-definitions/-/mdast-util-definitions-1.2.4.tgz",
      "integrity": "sha512-HfUArPog1j4Z78Xlzy9Q4aHLnrF/7fb57cooTHypyGoe2XFNbcx/kWZDoOz+ra8CkUzvg3+VHV434yqEd1DRmA==",
      "dev": true,
      "requires": {
        "unist-util-visit": "^1.0.0"
      },
      "dependencies": {
        "unist-util-is": {
          "version": "3.0.0",
          "resolved": "https://registry.npmjs.org/unist-util-is/-/unist-util-is-3.0.0.tgz",
          "integrity": "sha512-sVZZX3+kspVNmLWBPAB6r+7D9ZgAFPNWm66f7YNb420RlQSbn+n8rG8dGZSkrER7ZIXGQYNm5pqC3v3HopH24A==",
          "dev": true
        },
        "unist-util-visit": {
          "version": "1.4.1",
          "resolved": "https://registry.npmjs.org/unist-util-visit/-/unist-util-visit-1.4.1.tgz",
          "integrity": "sha512-AvGNk7Bb//EmJZyhtRUnNMEpId/AZ5Ph/KUpTI09WHQuDZHKovQ1oEv3mfmKpWKtoMzyMC4GLBm1Zy5k12fjIw==",
          "dev": true,
          "requires": {
            "unist-util-visit-parents": "^2.0.0"
          }
        },
        "unist-util-visit-parents": {
          "version": "2.1.2",
          "resolved": "https://registry.npmjs.org/unist-util-visit-parents/-/unist-util-visit-parents-2.1.2.tgz",
          "integrity": "sha512-DyN5vD4NE3aSeB+PXYNKxzGsfocxp6asDc2XXE3b0ekO2BaRUpBicbbUygfSvYfUz1IkmjFR1YF7dPklraMZ2g==",
          "dev": true,
          "requires": {
            "unist-util-is": "^3.0.0"
          }
        }
      }
    },
    "mdast-util-to-hast": {
      "version": "6.0.2",
      "resolved": "https://registry.npmjs.org/mdast-util-to-hast/-/mdast-util-to-hast-6.0.2.tgz",
      "integrity": "sha512-GjcOimC9qHI0yNFAQdBesrZXzUkRdFleQlcoU8+TVNfDW6oLUazUx8MgUoTaUyCJzBOnE5AOgqhpURrSlf0QwQ==",
      "dev": true,
      "requires": {
        "collapse-white-space": "^1.0.0",
        "detab": "^2.0.0",
        "mdast-util-definitions": "^1.2.0",
        "mdurl": "^1.0.1",
        "trim": "0.0.1",
        "trim-lines": "^1.0.0",
        "unist-builder": "^1.0.1",
        "unist-util-generated": "^1.1.0",
        "unist-util-position": "^3.0.0",
        "unist-util-visit": "^1.1.0",
        "xtend": "^4.0.1"
      },
      "dependencies": {
        "unist-util-is": {
          "version": "3.0.0",
          "resolved": "https://registry.npmjs.org/unist-util-is/-/unist-util-is-3.0.0.tgz",
          "integrity": "sha512-sVZZX3+kspVNmLWBPAB6r+7D9ZgAFPNWm66f7YNb420RlQSbn+n8rG8dGZSkrER7ZIXGQYNm5pqC3v3HopH24A==",
          "dev": true
        },
        "unist-util-visit": {
          "version": "1.4.1",
          "resolved": "https://registry.npmjs.org/unist-util-visit/-/unist-util-visit-1.4.1.tgz",
          "integrity": "sha512-AvGNk7Bb//EmJZyhtRUnNMEpId/AZ5Ph/KUpTI09WHQuDZHKovQ1oEv3mfmKpWKtoMzyMC4GLBm1Zy5k12fjIw==",
          "dev": true,
          "requires": {
            "unist-util-visit-parents": "^2.0.0"
          }
        },
        "unist-util-visit-parents": {
          "version": "2.1.2",
          "resolved": "https://registry.npmjs.org/unist-util-visit-parents/-/unist-util-visit-parents-2.1.2.tgz",
          "integrity": "sha512-DyN5vD4NE3aSeB+PXYNKxzGsfocxp6asDc2XXE3b0ekO2BaRUpBicbbUygfSvYfUz1IkmjFR1YF7dPklraMZ2g==",
          "dev": true,
          "requires": {
            "unist-util-is": "^3.0.0"
          }
        }
      }
    },
    "mdurl": {
      "version": "1.0.1",
      "resolved": "https://registry.npmjs.org/mdurl/-/mdurl-1.0.1.tgz",
      "integrity": "sha1-/oWy7HWlkDfyrf7BAP1sYBdhFS4=",
      "dev": true
    },
    "minimatch": {
      "version": "3.0.4",
      "resolved": "https://registry.npmjs.org/minimatch/-/minimatch-3.0.4.tgz",
      "integrity": "sha512-yJHVQEhyqPLUTgt9B83PXu6W3rx4MvvHvSUvToogpwoGDOUQ+yDrR0HRot+yOCdCO7u4hX3pWft6kWBBcqh0UA==",
      "dev": true,
      "requires": {
        "brace-expansion": "^1.1.7"
      }
    },
    "minimist": {
      "version": "1.2.5",
      "resolved": "https://registry.npmjs.org/minimist/-/minimist-1.2.5.tgz",
      "integrity": "sha512-FM9nNUYrRBAELZQT3xeZQ7fmMOBg6nWNmJKTcgsJeaLstP/UODVpGsr5OhXhhXg6f+qtJ8uiZ+PUxkDWcgIXLw==",
      "dev": true
    },
    "object-assign": {
      "version": "4.1.1",
      "resolved": "https://registry.npmjs.org/object-assign/-/object-assign-4.1.1.tgz",
      "integrity": "sha1-IQmtx5ZYh8/AXLvUQsrIv7s2CGM=",
      "dev": true
    },
    "object-inspect": {
      "version": "1.6.0",
      "resolved": "https://registry.npmjs.org/object-inspect/-/object-inspect-1.6.0.tgz",
      "integrity": "sha512-GJzfBZ6DgDAmnuaM3104jR4s1Myxr3Y3zfIyN4z3UdqN69oSRacNK8UhnobDdC+7J2AHCjGwxQubNJfE70SXXQ==",
      "dev": true
    },
    "object-keys": {
      "version": "1.1.1",
      "resolved": "https://registry.npmjs.org/object-keys/-/object-keys-1.1.1.tgz",
      "integrity": "sha512-NuAESUOUMrlIXOfHKzD6bpPu3tYt3xvjNdRIQ+FeT0lNb4K8WR70CaDxhuNguS2XG+GjkyMwOzsN5ZktImfhLA==",
      "dev": true
    },
    "once": {
      "version": "1.4.0",
      "resolved": "https://registry.npmjs.org/once/-/once-1.4.0.tgz",
      "integrity": "sha1-WDsap3WWHUsROsF9nFC6753Xa9E=",
      "dev": true,
      "requires": {
        "wrappy": "1"
      }
    },
    "parse-entities": {
      "version": "1.2.2",
      "resolved": "https://registry.npmjs.org/parse-entities/-/parse-entities-1.2.2.tgz",
      "integrity": "sha512-NzfpbxW/NPrzZ/yYSoQxyqUZMZXIdCfE0OIN4ESsnptHJECoUk3FZktxNuzQf4tjt5UEopnxpYJbvYuxIFDdsg==",
      "dev": true,
      "requires": {
        "character-entities": "^1.0.0",
        "character-entities-legacy": "^1.0.0",
        "character-reference-invalid": "^1.0.0",
        "is-alphanumerical": "^1.0.0",
        "is-decimal": "^1.0.0",
        "is-hexadecimal": "^1.0.0"
      }
    },
    "path-is-absolute": {
      "version": "1.0.1",
      "resolved": "https://registry.npmjs.org/path-is-absolute/-/path-is-absolute-1.0.1.tgz",
      "integrity": "sha1-F0uSaHNVNP+8es5r9TpanhtcX18=",
      "dev": true
    },
    "path-parse": {
      "version": "1.0.6",
      "resolved": "https://registry.npmjs.org/path-parse/-/path-parse-1.0.6.tgz",
      "integrity": "sha512-GSmOT2EbHrINBf9SR7CDELwlJ8AENk3Qn7OikK4nFYAu3Ote2+JYNVvkpAEQm3/TLNEJFD/xZJjzyxg3KBWOzw==",
      "dev": true
    },
    "property-information": {
      "version": "5.3.0",
      "resolved": "https://registry.npmjs.org/property-information/-/property-information-5.3.0.tgz",
      "integrity": "sha512-IslotQn1hBCZDY7SaJ3zmCjVea219VTwmOk6Pu3z9haU9m4+T8GwaDubur+6NMHEU+Fjs/6/p66z6QULPkcL1w==",
      "dev": true,
      "requires": {
        "xtend": "^4.0.1"
      }
    },
    "rehype-stringify": {
      "version": "6.0.0",
      "resolved": "https://registry.npmjs.org/rehype-stringify/-/rehype-stringify-6.0.0.tgz",
      "integrity": "sha512-grV/hhA7z9GbUJZk0ILzprSE0YY9lvTmYuvgRjXdFXrrag5gNeqXBQIuG1m4zFW6PFm0YYnJ/qgf5y6yui4VsA==",
      "dev": true,
      "requires": {
        "hast-util-to-html": "^6.0.0",
        "xtend": "^4.0.1"
      }
    },
    "remark-parse": {
      "version": "7.0.1",
      "resolved": "https://registry.npmjs.org/remark-parse/-/remark-parse-7.0.1.tgz",
      "integrity": "sha512-WOZLa545jYXtSy+txza6ACudKWByQac4S2DmGk+tAGO/3XnVTOxwyCIxB7nTcLlk8Aayhcuf3cV1WV6U6L7/DQ==",
      "dev": true,
      "requires": {
        "collapse-white-space": "^1.0.2",
        "is-alphabetical": "^1.0.0",
        "is-decimal": "^1.0.0",
        "is-whitespace-character": "^1.0.0",
        "is-word-character": "^1.0.0",
        "markdown-escapes": "^1.0.0",
        "parse-entities": "^1.1.0",
        "repeat-string": "^1.5.4",
        "state-toggle": "^1.0.0",
        "trim": "0.0.1",
        "trim-trailing-lines": "^1.0.0",
        "unherit": "^1.0.4",
        "unist-util-remove-position": "^1.0.0",
        "vfile-location": "^2.0.0",
        "xtend": "^4.0.1"
      }
    },
    "remark-rehype": {
      "version": "5.0.0",
      "resolved": "https://registry.npmjs.org/remark-rehype/-/remark-rehype-5.0.0.tgz",
      "integrity": "sha512-tgo+AeOotuh9FnGMkEPbE6C3OfdARqqSxT0H/KNGAiTwJLiDoRSm6x/ytqPZTyYSiQ/exbi/kx7k6uUvqYL1wQ==",
      "dev": true,
      "requires": {
        "mdast-util-to-hast": "^6.0.0"
      }
    },
    "repeat-string": {
      "version": "1.6.1",
      "resolved": "https://registry.npmjs.org/repeat-string/-/repeat-string-1.6.1.tgz",
      "integrity": "sha1-jcrkcOHIirwtYA//Sndihtp15jc=",
      "dev": true
    },
    "replace-ext": {
      "version": "1.0.0",
      "resolved": "https://registry.npmjs.org/replace-ext/-/replace-ext-1.0.0.tgz",
      "integrity": "sha1-3mMSg3P8v3w8z6TeWkgMRaZ5WOs=",
      "dev": true
    },
    "resolve": {
      "version": "1.11.1",
      "resolved": "https://registry.npmjs.org/resolve/-/resolve-1.11.1.tgz",
      "integrity": "sha512-vIpgF6wfuJOZI7KKKSP+HmiKggadPQAdsp5HiC1mvqnfp0gF1vdwgBWZIdrVft9pgqoMFQN+R7BSWZiBxx+BBw==",
      "dev": true,
      "requires": {
        "path-parse": "^1.0.6"
      }
    },
    "resumer": {
      "version": "0.0.0",
      "resolved": "https://registry.npmjs.org/resumer/-/resumer-0.0.0.tgz",
      "integrity": "sha1-8ej0YeQGS6Oegq883CqMiT0HZ1k=",
      "dev": true,
      "requires": {
        "through": "~2.3.4"
      }
    },
    "space-separated-tokens": {
      "version": "1.1.4",
      "resolved": "https://registry.npmjs.org/space-separated-tokens/-/space-separated-tokens-1.1.4.tgz",
      "integrity": "sha512-UyhMSmeIqZrQn2UdjYpxEkwY9JUrn8pP+7L4f91zRzOQuI8MF1FGLfYU9DKCYeLdo7LXMxwrX5zKFy7eeeVHuA==",
      "dev": true
    },
    "state-toggle": {
      "version": "1.0.2",
      "resolved": "https://registry.npmjs.org/state-toggle/-/state-toggle-1.0.2.tgz",
      "integrity": "sha512-8LpelPGR0qQM4PnfLiplOQNJcIN1/r2Gy0xKB2zKnIW2YzPMt2sR4I/+gtPjhN7Svh9kw+zqEg2SFwpBO9iNiw==",
      "dev": true
    },
    "string.prototype.trim": {
      "version": "1.1.2",
      "resolved": "https://registry.npmjs.org/string.prototype.trim/-/string.prototype.trim-1.1.2.tgz",
      "integrity": "sha1-0E3iyJ4Tf019IG8Ia17S+ua+jOo=",
      "dev": true,
      "requires": {
        "define-properties": "^1.1.2",
        "es-abstract": "^1.5.0",
        "function-bind": "^1.0.2"
      }
    },
    "string.prototype.trimleft": {
      "version": "2.1.0",
      "resolved": "https://registry.npmjs.org/string.prototype.trimleft/-/string.prototype.trimleft-2.1.0.tgz",
      "integrity": "sha512-FJ6b7EgdKxxbDxc79cOlok6Afd++TTs5szo+zJTUyow3ycrRfJVE2pq3vcN53XexvKZu/DJMDfeI/qMiZTrjTw==",
      "dev": true,
      "requires": {
        "define-properties": "^1.1.3",
        "function-bind": "^1.1.1"
      }
    },
    "string.prototype.trimright": {
      "version": "2.1.0",
      "resolved": "https://registry.npmjs.org/string.prototype.trimright/-/string.prototype.trimright-2.1.0.tgz",
      "integrity": "sha512-fXZTSV55dNBwv16uw+hh5jkghxSnc5oHq+5K/gXgizHwAvMetdAJlHqqoFC1FSDVPYWLkAKl2cxpUT41sV7nSg==",
      "dev": true,
      "requires": {
        "define-properties": "^1.1.3",
        "function-bind": "^1.1.1"
      }
    },
    "stringify-entities": {
      "version": "2.0.0",
      "resolved": "https://registry.npmjs.org/stringify-entities/-/stringify-entities-2.0.0.tgz",
      "integrity": "sha512-fqqhZzXyAM6pGD9lky/GOPq6V4X0SeTAFBl0iXb/BzOegl40gpf/bV3QQP7zULNYvjr6+Dx8SCaDULjVoOru0A==",
      "dev": true,
      "requires": {
        "character-entities-html4": "^1.0.0",
        "character-entities-legacy": "^1.0.0",
        "is-alphanumerical": "^1.0.0",
        "is-decimal": "^1.0.2",
        "is-hexadecimal": "^1.0.0"
      }
    },
    "tape": {
      "version": "4.11.0",
      "resolved": "https://registry.npmjs.org/tape/-/tape-4.11.0.tgz",
      "integrity": "sha512-yixvDMX7q7JIs/omJSzSZrqulOV51EC9dK8dM0TzImTIkHWfe2/kFyL5v+d9C+SrCMaICk59ujsqFAVidDqDaA==",
      "dev": true,
      "requires": {
        "deep-equal": "~1.0.1",
        "defined": "~1.0.0",
        "for-each": "~0.3.3",
        "function-bind": "~1.1.1",
        "glob": "~7.1.4",
        "has": "~1.0.3",
        "inherits": "~2.0.4",
        "minimist": "~1.2.0",
        "object-inspect": "~1.6.0",
        "resolve": "~1.11.1",
        "resumer": "~0.0.0",
        "string.prototype.trim": "~1.1.2",
        "through": "~2.3.8"
      }
    },
    "through": {
      "version": "2.3.8",
      "resolved": "https://registry.npmjs.org/through/-/through-2.3.8.tgz",
      "integrity": "sha1-DdTJ/6q8NXlgsbckEV1+Doai4fU=",
      "dev": true
    },
    "trim": {
      "version": "0.0.1",
      "resolved": "https://registry.npmjs.org/trim/-/trim-0.0.1.tgz",
      "integrity": "sha1-WFhUf2spB1fulczMZm+1AITEYN0=",
      "dev": true
    },
    "trim-lines": {
      "version": "1.1.2",
      "resolved": "https://registry.npmjs.org/trim-lines/-/trim-lines-1.1.2.tgz",
      "integrity": "sha512-3GOuyNeTqk3FAqc3jOJtw7FTjYl94XBR5aD9QnDbK/T4CA9sW/J0l9RoaRPE9wyPP7NF331qnHnvJFBJ+IDkmQ==",
      "dev": true
    },
    "trim-trailing-lines": {
      "version": "1.1.2",
      "resolved": "https://registry.npmjs.org/trim-trailing-lines/-/trim-trailing-lines-1.1.2.tgz",
      "integrity": "sha512-MUjYItdrqqj2zpcHFTkMa9WAv4JHTI6gnRQGPFLrt5L9a6tRMiDnIqYl8JBvu2d2Tc3lWJKQwlGCp0K8AvCM+Q==",
      "dev": true
    },
    "trough": {
      "version": "1.0.4",
      "resolved": "https://registry.npmjs.org/trough/-/trough-1.0.4.tgz",
      "integrity": "sha512-tdzBRDGWcI1OpPVmChbdSKhvSVurznZ8X36AYURAcl+0o2ldlCY2XPzyXNNxwJwwyIU+rIglTCG4kxtNKBQH7Q==",
      "dev": true
    },
    "unherit": {
      "version": "1.1.2",
      "resolved": "https://registry.npmjs.org/unherit/-/unherit-1.1.2.tgz",
      "integrity": "sha512-W3tMnpaMG7ZY6xe/moK04U9fBhi6wEiCYHUW5Mop/wQHf12+79EQGwxYejNdhEz2mkqkBlGwm7pxmgBKMVUj0w==",
      "dev": true,
      "requires": {
        "inherits": "^2.0.1",
        "xtend": "^4.0.1"
      }
    },
    "unified": {
      "version": "8.4.1",
      "resolved": "https://registry.npmjs.org/unified/-/unified-8.4.1.tgz",
      "integrity": "sha512-YPj/uIIZSO7mMIZQj/5Z3hDl4lshWYRQGs5TgUCjHTVdklUWH+O94mK5Cy77SEcmEUwGhnUcudMuH/zIwporqw==",
      "dev": true,
      "requires": {
        "bail": "^1.0.0",
        "extend": "^3.0.0",
        "is-plain-obj": "^2.0.0",
        "trough": "^1.0.0",
        "vfile": "^4.0.0"
      }
    },
    "unist-builder": {
      "version": "1.0.4",
      "resolved": "https://registry.npmjs.org/unist-builder/-/unist-builder-1.0.4.tgz",
      "integrity": "sha512-v6xbUPP7ILrT15fHGrNyHc1Xda8H3xVhP7/HAIotHOhVPjH5dCXA097C3Rry1Q2O+HbOLCao4hfPB+EYEjHgVg==",
      "dev": true,
      "requires": {
        "object-assign": "^4.1.0"
      }
    },
    "unist-util-generated": {
      "version": "1.1.4",
      "resolved": "https://registry.npmjs.org/unist-util-generated/-/unist-util-generated-1.1.4.tgz",
      "integrity": "sha512-SA7Sys3h3X4AlVnxHdvN/qYdr4R38HzihoEVY2Q2BZu8NHWDnw5OGcC/tXWjQfd4iG+M6qRFNIRGqJmp2ez4Ww==",
      "dev": true
    },
    "unist-util-is": {
      "version": "4.0.0",
      "resolved": "https://registry.npmjs.org/unist-util-is/-/unist-util-is-4.0.0.tgz",
      "integrity": "sha512-E5JLUKRQlAYiJmN2PVBdSz01R3rUKRSM00X+0DB/yLqxdLu6wZZkRdTIsxDp9X+bkxh8Eq+O2YYRbZvLZtQT1A=="
    },
    "unist-util-position": {
      "version": "3.0.3",
      "resolved": "https://registry.npmjs.org/unist-util-position/-/unist-util-position-3.0.3.tgz",
      "integrity": "sha512-28EpCBYFvnMeq9y/4w6pbnFmCUfzlsc41NJui5c51hOFjBA1fejcwc+5W4z2+0ECVbScG3dURS3JTVqwenzqZw==",
      "dev": true
    },
    "unist-util-remove-position": {
      "version": "1.1.3",
      "resolved": "https://registry.npmjs.org/unist-util-remove-position/-/unist-util-remove-position-1.1.3.tgz",
      "integrity": "sha512-CtszTlOjP2sBGYc2zcKA/CvNdTdEs3ozbiJ63IPBxh8iZg42SCCb8m04f8z2+V1aSk5a7BxbZKEdoDjadmBkWA==",
      "dev": true,
      "requires": {
        "unist-util-visit": "^1.1.0"
      },
      "dependencies": {
        "unist-util-is": {
          "version": "3.0.0",
          "resolved": "https://registry.npmjs.org/unist-util-is/-/unist-util-is-3.0.0.tgz",
          "integrity": "sha512-sVZZX3+kspVNmLWBPAB6r+7D9ZgAFPNWm66f7YNb420RlQSbn+n8rG8dGZSkrER7ZIXGQYNm5pqC3v3HopH24A==",
          "dev": true
        },
        "unist-util-visit": {
          "version": "1.4.1",
          "resolved": "https://registry.npmjs.org/unist-util-visit/-/unist-util-visit-1.4.1.tgz",
          "integrity": "sha512-AvGNk7Bb//EmJZyhtRUnNMEpId/AZ5Ph/KUpTI09WHQuDZHKovQ1oEv3mfmKpWKtoMzyMC4GLBm1Zy5k12fjIw==",
          "dev": true,
          "requires": {
            "unist-util-visit-parents": "^2.0.0"
          }
        },
        "unist-util-visit-parents": {
          "version": "2.1.2",
          "resolved": "https://registry.npmjs.org/unist-util-visit-parents/-/unist-util-visit-parents-2.1.2.tgz",
          "integrity": "sha512-DyN5vD4NE3aSeB+PXYNKxzGsfocxp6asDc2XXE3b0ekO2BaRUpBicbbUygfSvYfUz1IkmjFR1YF7dPklraMZ2g==",
          "dev": true,
          "requires": {
            "unist-util-is": "^3.0.0"
          }
        }
      }
    },
    "unist-util-stringify-position": {
      "version": "2.0.1",
      "resolved": "https://registry.npmjs.org/unist-util-stringify-position/-/unist-util-stringify-position-2.0.1.tgz",
      "integrity": "sha512-Zqlf6+FRI39Bah8Q6ZnNGrEHUhwJOkHde2MHVk96lLyftfJJckaPslKgzhVcviXj8KcE9UJM9F+a4JEiBUTYgA==",
      "dev": true,
      "requires": {
        "@types/unist": "^2.0.2"
      }
    },
    "unist-util-visit": {
      "version": "2.0.0",
      "resolved": "https://registry.npmjs.org/unist-util-visit/-/unist-util-visit-2.0.0.tgz",
      "integrity": "sha512-kiTpWKsF54u/78L/UU/i7lxrnqGiEWBgqCpaIZBYP0gwUC+Akq0Ajm4U8JiNIoQNfAioBdsyarnOcTEAb9mLeQ==",
      "requires": {
        "@types/unist": "^2.0.0",
        "unist-util-is": "^4.0.0",
        "unist-util-visit-parents": "^3.0.0"
      }
    },
    "unist-util-visit-parents": {
      "version": "3.0.0",
      "resolved": "https://registry.npmjs.org/unist-util-visit-parents/-/unist-util-visit-parents-3.0.0.tgz",
      "integrity": "sha512-H3K8d81S4V3XVXVwLvrLGk+R5VILryfUotD06/R/rLsTsPLGjkn6gIP8qEEVITcuIySNYj0ocJLsePjm9F/Vcg==",
      "requires": {
        "@types/unist": "^2.0.3",
        "unist-util-is": "^4.0.0"
      }
    },
    "vfile": {
      "version": "4.0.1",
      "resolved": "https://registry.npmjs.org/vfile/-/vfile-4.0.1.tgz",
      "integrity": "sha512-lRHFCuC4SQBFr7Uq91oJDJxlnftoTLQ7eKIpMdubhYcVMho4781a8MWXLy3qZrZ0/STD1kRiKc0cQOHm4OkPeA==",
      "dev": true,
      "requires": {
        "@types/unist": "^2.0.0",
        "is-buffer": "^2.0.0",
        "replace-ext": "1.0.0",
        "unist-util-stringify-position": "^2.0.0",
        "vfile-message": "^2.0.0"
      }
    },
    "vfile-location": {
      "version": "2.0.5",
      "resolved": "https://registry.npmjs.org/vfile-location/-/vfile-location-2.0.5.tgz",
      "integrity": "sha512-Pa1ey0OzYBkLPxPZI3d9E+S4BmvfVwNAAXrrqGbwTVXWaX2p9kM1zZ+n35UtVM06shmWKH4RPRN8KI80qE3wNQ==",
      "dev": true
    },
    "vfile-message": {
      "version": "2.0.1",
      "resolved": "https://registry.npmjs.org/vfile-message/-/vfile-message-2.0.1.tgz",
      "integrity": "sha512-KtasSV+uVU7RWhUn4Lw+wW1Zl/nW8JWx7JCPps10Y9JRRIDeDXf8wfBLoOSsJLyo27DqMyAi54C6Jf/d6Kr2Bw==",
      "dev": true,
      "requires": {
        "@types/unist": "^2.0.2",
        "unist-util-stringify-position": "^2.0.0"
      }
    },
    "wrappy": {
      "version": "1.0.2",
      "resolved": "https://registry.npmjs.org/wrappy/-/wrappy-1.0.2.tgz",
      "integrity": "sha1-tSQ9jz7BqjXxNkYFvA0QNuMKtp8=",
      "dev": true
    },
    "xtend": {
      "version": "4.0.2",
      "resolved": "https://registry.npmjs.org/xtend/-/xtend-4.0.2.tgz",
      "integrity": "sha512-LKYU1iAXJXUgAXn9URjiu+MWhyUXHsvfp7mcuYm9dSUKK0/CjtrUwFAxD82/mCWbtLsGjFIad0wIsod4zrTAEQ==",
      "dev": true
    }
  }
}
